
Microsoft Visual Studio Solution File, Format Version 12.00
# Visual Studio Version 17
VisualStudioVersion = 17.9.34701.34
MinimumVisualStudioVersion = 10.0.40219.1
Project("{9A19103F-16F7-4668-BE54-9A1E7A4F7556}") = "ListaDeExerciciosLogica.ConsoleApp", "ListaDeExerciciosLogica.ConsoleApp\ListaDeExerciciosLogica.ConsoleApp.csproj", "{683D2E57-E343-4DB0-9607-F5519339EA8C}"
EndProject
Project("{9A19103F-16F7-4668-BE54-9A1E7A4F7556}") = "Exercicio1", "Exercicio1\Exercicio1.csproj", "{29B1C958-3C90-4175-8650-E98BCF13AB31}"
EndProject
Project("{2150E333-8FDC-42A3-9474-1A3956D46DE8}") = "Exercicio01", "Exercicio01", "{4591A77A-57CC-4DFC-8D20-08A30DF2A2EE}"
EndProject
Project("{9A19103F-16F7-4668-BE54-9A1E7A4F7556}") = "Exercicio2.ConsoleApp", "Exercicio2.ConsoleApp\Exercicio2.ConsoleApp.csproj", "{DC70F4D5-DE69-4DA4-82F2-97EB18FAABE8}"
EndProject
Project("{2150E333-8FDC-42A3-9474-1A3956D46DE8}") = "Exercicio02", "Exercicio02", "{EFEAC44E-DA44-4FAC-A7B0-0D1F704E2D61}"
EndProject
Project("{9A19103F-16F7-4668-BE54-9A1E7A4F7556}") = "Exercicio3.ConsoleApp", "Exercicio3.ConsoleApp\Exercicio3.ConsoleApp.csproj", "{CB1D3C3E-91D5-4564-BDEC-9CBD2D4D6405}"
EndProject
Project("{2150E333-8FDC-42A3-9474-1A3956D46DE8}") = "Exercicio03", "Exercicio03", "{F94C114E-3304-492F-83DE-DBBEE7A44A38}"
EndProject
Project("{9A19103F-16F7-4668-BE54-9A1E7A4F7556}") = "Exercicio4.ConsoleApp", "Exercicio4.ConsoleApp\Exercicio4.ConsoleApp.csproj", "{F8614B29-B759-4A64-9553-009EBC5C87E8}"
EndProject
Project("{2150E333-8FDC-42A3-9474-1A3956D46DE8}") = "Exercicio04", "Exercicio04", "{73F42F6C-FE59-4C04-8ED2-7F6F10FC9B8A}"
EndProject
Project("{9A19103F-16F7-4668-BE54-9A1E7A4F7556}") = "Exercicio5.ConsoleApp", "Exercicio5.ConsoleApp\Exercicio5.ConsoleApp.csproj", "{579E888B-8DDF-4786-A537-1B136394D033}"
EndProject
Project("{2150E333-8FDC-42A3-9474-1A3956D46DE8}") = "Exercicio05", "Exercicio05", "{7F5AF077-7EDD-415D-AA1F-342787290F23}"
EndProject
Project("{9A19103F-16F7-4668-BE54-9A1E7A4F7556}") = "Exercicio6.ConsoleApp", "Exercicio6.ConsoleApp\Exercicio6.ConsoleApp.csproj", "{0884B24E-37B3-4732-8794-AEC7FE09A517}"
EndProject
Project("{9A19103F-16F7-4668-BE54-9A1E7A4F7556}") = "Exercicio7.ConsoleApp", "Exercicio7.ConsoleApp\Exercicio7.ConsoleApp.csproj", "{CD237F56-890C-4D1D-B452-003A87C09C71}"
EndProject
Project("{9A19103F-16F7-4668-BE54-9A1E7A4F7556}") = "Exercicio9.ConsoleApp", "Exercicio9.ConsoleApp\Exercicio9.ConsoleApp.csproj", "{25DEF953-5363-479D-877C-A4A309B4CB4A}"
EndProject
Project("{2150E333-8FDC-42A3-9474-1A3956D46DE8}") = "Exercicio06", "Exercicio06", "{B4EB907E-846A-410E-BDB3-88771A1613BB}"
EndProject
Project("{2150E333-8FDC-42A3-9474-1A3956D46DE8}") = "Exercicio07", "Exercicio07", "{4F8B9BA1-493E-4D76-AE6E-28FAE8DA90D0}"
EndProject
Project("{2150E333-8FDC-42A3-9474-1A3956D46DE8}") = "Exercicio09", "Exercicio09", "{410C0352-895A-462E-A928-D7F7AAE9F329}"
EndProject
Project("{9A19103F-16F7-4668-BE54-9A1E7A4F7556}") = "Exercicio10.ConsoleApp", "Exercicio10.ConsoleApp\Exercicio10.ConsoleApp.csproj", "{58AA5A19-6C35-405D-8655-D55F8C2D8FBE}"
EndProject
Project("{2150E333-8FDC-42A3-9474-1A3956D46DE8}") = "Exercicio10", "Exercicio10", "{44FF90DB-4A50-47CD-AC37-8B9F71E8345E}"
EndProject
Project("{9A19103F-16F7-4668-BE54-9A1E7A4F7556}") = "Exercicio12.ConsoleApp", "Exercicio12.ConsoleApp\Exercicio12.ConsoleApp.csproj", "{E190EAF7-9B8B-41B1-A396-12C948F11183}"
EndProject
Project("{2150E333-8FDC-42A3-9474-1A3956D46DE8}") = "Exercicio12", "Exercicio12", "{241ED703-D28D-4E3A-81CF-91B5134DA85B}"
EndProject
Project("{9A19103F-16F7-4668-BE54-9A1E7A4F7556}") = "Exercicio13.ConsoleApp", "Exercicio13.ConsoleApp\Exercicio13.ConsoleApp.csproj", "{2F0E2FD2-0844-402B-956E-437C155C39B7}"
EndProject
Project("{2150E333-8FDC-42A3-9474-1A3956D46DE8}") = "Exercicio13", "Exercicio13", "{7A77B6E1-8063-4AB3-B037-905041058E5B}"
EndProject
Project("{9A19103F-16F7-4668-BE54-9A1E7A4F7556}") = "Exercicio14.ConsoleApp", "Exercicio14.ConsoleApp\Exercicio14.ConsoleApp.csproj", "{BFE3A142-546E-4869-9801-12696CA12CD6}"
EndProject
Project("{2150E333-8FDC-42A3-9474-1A3956D46DE8}") = "Exercicio14", "Exercicio14", "{770B8234-D228-4438-937F-F864C77C5825}"
EndProject
Project("{9A19103F-16F7-4668-BE54-9A1E7A4F7556}") = "Exercicio16.ConsoleApp", "Exercicio16.ConsoleApp\Exercicio16.ConsoleApp.csproj", "{CCD8889E-EFA9-4B01-879E-E30881717559}"
EndProject
Project("{2150E333-8FDC-42A3-9474-1A3956D46DE8}") = "Exercicio16", "Exercicio16", "{9834C03F-C143-4C88-B751-1834B81A929B}"
EndProject
Project("{9A19103F-16F7-4668-BE54-9A1E7A4F7556}") = "Exercicio17.ConsoleApp", "Exercicio17.ConsoleApp\Exercicio17.ConsoleApp.csproj", "{356D13F9-3F65-4779-910F-6D3B8C28A1EF}"
EndProject
Project("{2150E333-8FDC-42A3-9474-1A3956D46DE8}") = "Exercicio17", "Exercicio17", "{F0CF86AB-CBED-4A83-82E3-8756F27ABEEA}"
EndProject
Project("{9A19103F-16F7-4668-BE54-9A1E7A4F7556}") = "Exercicio18.ConsoleApp", "Exercicio18.ConsoleApp\Exercicio18.ConsoleApp.csproj", "{2373D796-D815-41C8-AB8A-48AB8EBA4725}"
EndProject
Project("{2150E333-8FDC-42A3-9474-1A3956D46DE8}") = "Exercicio18", "Exercicio18", "{2039797F-0177-4140-8359-F2E5F61A0293}"
EndProject
Project("{FAE04EC0-301F-11D3-BF4B-00C04F79EFBC}") = "Exercicio19.ConsoleApp", "Exercicio19.ConsoleApp\Exercicio19.ConsoleApp.csproj", "{07B0B70E-58A9-444F-B565-DFB4FD883DDE}"
EndProject
Project("{2150E333-8FDC-42A3-9474-1A3956D46DE8}") = "Exercicio19", "Exercicio19", "{7AAC96A2-91D7-44CA-8AC3-99A864EFDCF7}"
EndProject
Global
	GlobalSection(SolutionConfigurationPlatforms) = preSolution
		Debug|Any CPU = Debug|Any CPU
		Release|Any CPU = Release|Any CPU
	EndGlobalSection
	GlobalSection(ProjectConfigurationPlatforms) = postSolution
		{683D2E57-E343-4DB0-9607-F5519339EA8C}.Debug|Any CPU.ActiveCfg = Debug|Any CPU
		{683D2E57-E343-4DB0-9607-F5519339EA8C}.Debug|Any CPU.Build.0 = Debug|Any CPU
		{683D2E57-E343-4DB0-9607-F5519339EA8C}.Release|Any CPU.ActiveCfg = Release|Any CPU
		{683D2E57-E343-4DB0-9607-F5519339EA8C}.Release|Any CPU.Build.0 = Release|Any CPU
		{29B1C958-3C90-4175-8650-E98BCF13AB31}.Debug|Any CPU.ActiveCfg = Debug|Any CPU
		{29B1C958-3C90-4175-8650-E98BCF13AB31}.Debug|Any CPU.Build.0 = Debug|Any CPU
		{29B1C958-3C90-4175-8650-E98BCF13AB31}.Release|Any CPU.ActiveCfg = Release|Any CPU
		{29B1C958-3C90-4175-8650-E98BCF13AB31}.Release|Any CPU.Build.0 = Release|Any CPU
		{DC70F4D5-DE69-4DA4-82F2-97EB18FAABE8}.Debug|Any CPU.ActiveCfg = Debug|Any CPU
		{DC70F4D5-DE69-4DA4-82F2-97EB18FAABE8}.Debug|Any CPU.Build.0 = Debug|Any CPU
		{DC70F4D5-DE69-4DA4-82F2-97EB18FAABE8}.Release|Any CPU.ActiveCfg = Release|Any CPU
		{DC70F4D5-DE69-4DA4-82F2-97EB18FAABE8}.Release|Any CPU.Build.0 = Release|Any CPU
		{CB1D3C3E-91D5-4564-BDEC-9CBD2D4D6405}.Debug|Any CPU.ActiveCfg = Debug|Any CPU
		{CB1D3C3E-91D5-4564-BDEC-9CBD2D4D6405}.Debug|Any CPU.Build.0 = Debug|Any CPU
		{CB1D3C3E-91D5-4564-BDEC-9CBD2D4D6405}.Release|Any CPU.ActiveCfg = Release|Any CPU
		{CB1D3C3E-91D5-4564-BDEC-9CBD2D4D6405}.Release|Any CPU.Build.0 = Release|Any CPU
		{F8614B29-B759-4A64-9553-009EBC5C87E8}.Debug|Any CPU.ActiveCfg = Debug|Any CPU
		{F8614B29-B759-4A64-9553-009EBC5C87E8}.Debug|Any CPU.Build.0 = Debug|Any CPU
		{F8614B29-B759-4A64-9553-009EBC5C87E8}.Release|Any CPU.ActiveCfg = Release|Any CPU
		{F8614B29-B759-4A64-9553-009EBC5C87E8}.Release|Any CPU.Build.0 = Release|Any CPU
		{579E888B-8DDF-4786-A537-1B136394D033}.Debug|Any CPU.ActiveCfg = Debug|Any CPU
		{579E888B-8DDF-4786-A537-1B136394D033}.Debug|Any CPU.Build.0 = Debug|Any CPU
		{579E888B-8DDF-4786-A537-1B136394D033}.Release|Any CPU.ActiveCfg = Release|Any CPU
		{579E888B-8DDF-4786-A537-1B136394D033}.Release|Any CPU.Build.0 = Release|Any CPU
		{0884B24E-37B3-4732-8794-AEC7FE09A517}.Debug|Any CPU.ActiveCfg = Debug|Any CPU
		{0884B24E-37B3-4732-8794-AEC7FE09A517}.Debug|Any CPU.Build.0 = Debug|Any CPU
		{0884B24E-37B3-4732-8794-AEC7FE09A517}.Release|Any CPU.ActiveCfg = Release|Any CPU
		{0884B24E-37B3-4732-8794-AEC7FE09A517}.Release|Any CPU.Build.0 = Release|Any CPU
		{CD237F56-890C-4D1D-B452-003A87C09C71}.Debug|Any CPU.ActiveCfg = Debug|Any CPU
		{CD237F56-890C-4D1D-B452-003A87C09C71}.Debug|Any CPU.Build.0 = Debug|Any CPU
		{CD237F56-890C-4D1D-B452-003A87C09C71}.Release|Any CPU.ActiveCfg = Release|Any CPU
		{CD237F56-890C-4D1D-B452-003A87C09C71}.Release|Any CPU.Build.0 = Release|Any CPU
		{25DEF953-5363-479D-877C-A4A309B4CB4A}.Debug|Any CPU.ActiveCfg = Debug|Any CPU
		{25DEF953-5363-479D-877C-A4A309B4CB4A}.Debug|Any CPU.Build.0 = Debug|Any CPU
		{25DEF953-5363-479D-877C-A4A309B4CB4A}.Release|Any CPU.ActiveCfg = Release|Any CPU
		{25DEF953-5363-479D-877C-A4A309B4CB4A}.Release|Any CPU.Build.0 = Release|Any CPU
		{58AA5A19-6C35-405D-8655-D55F8C2D8FBE}.Debug|Any CPU.ActiveCfg = Debug|Any CPU
		{58AA5A19-6C35-405D-8655-D55F8C2D8FBE}.Debug|Any CPU.Build.0 = Debug|Any CPU
		{58AA5A19-6C35-405D-8655-D55F8C2D8FBE}.Release|Any CPU.ActiveCfg = Release|Any CPU
		{58AA5A19-6C35-405D-8655-D55F8C2D8FBE}.Release|Any CPU.Build.0 = Release|Any CPU
		{E190EAF7-9B8B-41B1-A396-12C948F11183}.Debug|Any CPU.ActiveCfg = Debug|Any CPU
		{E190EAF7-9B8B-41B1-A396-12C948F11183}.Debug|Any CPU.Build.0 = Debug|Any CPU
		{E190EAF7-9B8B-41B1-A396-12C948F11183}.Release|Any CPU.ActiveCfg = Release|Any CPU
		{E190EAF7-9B8B-41B1-A396-12C948F11183}.Release|Any CPU.Build.0 = Release|Any CPU
		{2F0E2FD2-0844-402B-956E-437C155C39B7}.Debug|Any CPU.ActiveCfg = Debug|Any CPU
		{2F0E2FD2-0844-402B-956E-437C155C39B7}.Debug|Any CPU.Build.0 = Debug|Any CPU
		{2F0E2FD2-0844-402B-956E-437C155C39B7}.Release|Any CPU.ActiveCfg = Release|Any CPU
		{2F0E2FD2-0844-402B-956E-437C155C39B7}.Release|Any CPU.Build.0 = Release|Any CPU
		{BFE3A142-546E-4869-9801-12696CA12CD6}.Debug|Any CPU.ActiveCfg = Debug|Any CPU
		{BFE3A142-546E-4869-9801-12696CA12CD6}.Debug|Any CPU.Build.0 = Debug|Any CPU
		{BFE3A142-546E-4869-9801-12696CA12CD6}.Release|Any CPU.ActiveCfg = Release|Any CPU
		{BFE3A142-546E-4869-9801-12696CA12CD6}.Release|Any CPU.Build.0 = Release|Any CPU
		{CCD8889E-EFA9-4B01-879E-E30881717559}.Debug|Any CPU.ActiveCfg = Debug|Any CPU
		{CCD8889E-EFA9-4B01-879E-E30881717559}.Debug|Any CPU.Build.0 = Debug|Any CPU
		{CCD8889E-EFA9-4B01-879E-E30881717559}.Release|Any CPU.ActiveCfg = Release|Any CPU
		{CCD8889E-EFA9-4B01-879E-E30881717559}.Release|Any CPU.Build.0 = Release|Any CPU
		{356D13F9-3F65-4779-910F-6D3B8C28A1EF}.Debug|Any CPU.ActiveCfg = Debug|Any CPU
		{356D13F9-3F65-4779-910F-6D3B8C28A1EF}.Debug|Any CPU.Build.0 = Debug|Any CPU
		{356D13F9-3F65-4779-910F-6D3B8C28A1EF}.Release|Any CPU.ActiveCfg = Release|Any CPU
		{356D13F9-3F65-4779-910F-6D3B8C28A1EF}.Release|Any CPU.Build.0 = Release|Any CPU
		{2373D796-D815-41C8-AB8A-48AB8EBA4725}.Debug|Any CPU.ActiveCfg = Debug|Any CPU
		{2373D796-D815-41C8-AB8A-48AB8EBA4725}.Debug|Any CPU.Build.0 = Debug|Any CPU
		{2373D796-D815-41C8-AB8A-48AB8EBA4725}.Release|Any CPU.ActiveCfg = Release|Any CPU
		{2373D796-D815-41C8-AB8A-48AB8EBA4725}.Release|Any CPU.Build.0 = Release|Any CPU
		{07B0B70E-58A9-444F-B565-DFB4FD883DDE}.Debug|Any CPU.ActiveCfg = Debug|Any CPU
		{07B0B70E-58A9-444F-B565-DFB4FD883DDE}.Debug|Any CPU.Build.0 = Debug|Any CPU
		{07B0B70E-58A9-444F-B565-DFB4FD883DDE}.Release|Any CPU.ActiveCfg = Release|Any CPU
		{07B0B70E-58A9-444F-B565-DFB4FD883DDE}.Release|Any CPU.Build.0 = Release|Any CPU
	EndGlobalSection
	GlobalSection(SolutionProperties) = preSolution
		HideSolutionNode = FALSE
	EndGlobalSection
	GlobalSection(NestedProjects) = preSolution
		{29B1C958-3C90-4175-8650-E98BCF13AB31} = {4591A77A-57CC-4DFC-8D20-08A30DF2A2EE}
		{DC70F4D5-DE69-4DA4-82F2-97EB18FAABE8} = {EFEAC44E-DA44-4FAC-A7B0-0D1F704E2D61}
		{CB1D3C3E-91D5-4564-BDEC-9CBD2D4D6405} = {F94C114E-3304-492F-83DE-DBBEE7A44A38}
		{F8614B29-B759-4A64-9553-009EBC5C87E8} = {73F42F6C-FE59-4C04-8ED2-7F6F10FC9B8A}
		{579E888B-8DDF-4786-A537-1B136394D033} = {7F5AF077-7EDD-415D-AA1F-342787290F23}
		{0884B24E-37B3-4732-8794-AEC7FE09A517} = {B4EB907E-846A-410E-BDB3-88771A1613BB}
		{CD237F56-890C-4D1D-B452-003A87C09C71} = {4F8B9BA1-493E-4D76-AE6E-28FAE8DA90D0}
		{25DEF953-5363-479D-877C-A4A309B4CB4A} = {410C0352-895A-462E-A928-D7F7AAE9F329}
		{58AA5A19-6C35-405D-8655-D55F8C2D8FBE} = {44FF90DB-4A50-47CD-AC37-8B9F71E8345E}
		{E190EAF7-9B8B-41B1-A396-12C948F11183} = {241ED703-D28D-4E3A-81CF-91B5134DA85B}
		{2F0E2FD2-0844-402B-956E-437C155C39B7} = {7A77B6E1-8063-4AB3-B037-905041058E5B}
		{BFE3A142-546E-4869-9801-12696CA12CD6} = {770B8234-D228-4438-937F-F864C77C5825}
		{CCD8889E-EFA9-4B01-879E-E30881717559} = {9834C03F-C143-4C88-B751-1834B81A929B}
		{356D13F9-3F65-4779-910F-6D3B8C28A1EF} = {F0CF86AB-CBED-4A83-82E3-8756F27ABEEA}
		{2373D796-D815-41C8-AB8A-48AB8EBA4725} = {2039797F-0177-4140-8359-F2E5F61A0293}
		{07B0B70E-58A9-444F-B565-DFB4FD883DDE} = {7AAC96A2-91D7-44CA-8AC3-99A864EFDCF7}
	EndGlobalSection
	GlobalSection(ExtensibilityGlobals) = postSolution
		SolutionGuid = {A7CD5F04-A3C2-48AF-8E92-420D57F2670A}
	EndGlobalSection
EndGlobal
